
Microsoft Visual Studio Solution File, Format Version 12.00
# Visual Studio Version 18
VisualStudioVersion = 18.0.11205.157
MinimumVisualStudioVersion = 10.0.40219.1
Project("{2150E333-8FDC-42A3-9474-1A3956D46DE8}") = "src", "src", "{02EA681E-C7D8-13C7-8484-4AC65E1B71E8}"
EndProject
Project("{2150E333-8FDC-42A3-9474-1A3956D46DE8}") = "samples", "samples", "{38F4F460-CCA5-47A5-AEAE-665FD897EE50}"
EndProject
Project("{2150E333-8FDC-42A3-9474-1A3956D46DE8}") = "tests", "tests", "{238E687B-A97B-4D14-B106-97AC4A7420A3}"
EndProject
Project("{FAE04EC0-301F-11D3-BF4B-00C04F79EFBC}") = "RunnerServiceSample", "samples\RemoteRunnerService\RunnerServiceSample.csproj", "{AFC2A978-E711-B845-8F36-87DC9E54445B}"
EndProject
Project("{FAE04EC0-301F-11D3-BF4B-00C04F79EFBC}") = "WpfSampleApp", "samples\WptDemoApp\WpfSampleApp.csproj", "{4B775B3C-E24E-858C-AF96-1F439EC081CC}"
EndProject
Project("{FAE04EC0-301F-11D3-BF4B-00C04F79EFBC}") = "Ason", "src\Ason\Ason.csproj", "{16B68A53-F6FD-5F98-AB42-4FDFCAF065A8}"
EndProject
Project("{FAE04EC0-301F-11D3-BF4B-00C04F79EFBC}") = "Ason.RemoteBridge", "src\Ason.RemoteBridge\Ason.RemoteBridge.csproj", "{CF0BE669-66FB-9D29-E3CA-46056B635BAA}"
EndProject
Project("{FAE04EC0-301F-11D3-BF4B-00C04F79EFBC}") = "Ason.ExternalExecutor", "src\Ason.ExternalExecutor\Ason.ExternalExecutor.csproj", "{65E7B111-A87F-7299-9C24-577CA074AF83}"
EndProject
Project("{FAE04EC0-301F-11D3-BF4B-00C04F79EFBC}") = "Ason.Tests", "tests\Ason.Tests\Ason.Tests.csproj", "{4BA11649-410B-70DA-C8BD-B87C69D5D88C}"
EndProject
Project("{FAE04EC0-301F-11D3-BF4B-00C04F79EFBC}") = "BlazorAdvancedApp", "samples\BlazorAdvancedApp\BlazorAdvancedApp.csproj", "{614ACF80-0E0E-06EB-7BD5-4A415009DFCE}"
EndProject
Project("{FAE04EC0-301F-11D3-BF4B-00C04F79EFBC}") = "Ason.Runner.Core", "src\Ason.Runner.Core\Ason.Runner.Core.csproj", "{E4EA162E-A477-459A-B480-C598A8A6110B}"
EndProject
Project("{FAE04EC0-301F-11D3-BF4B-00C04F79EFBC}") = "TestMcpServer", "tests\TestMcpServer\TestMcpServer.csproj", "{F8F50CB0-3319-4706-96DF-804297EF9DE0}"
EndProject
Project("{FAE04EC0-301F-11D3-BF4B-00C04F79EFBC}") = "ConsoleExtractorSample", "samples\ConsoleExtractorSample\ConsoleExtractorSample.csproj", "{F10DC0C8-A734-4C54-B88B-426FDCE43755}"
EndProject
Project("{FAE04EC0-301F-11D3-BF4B-00C04F79EFBC}") = "ConsoleMcpSample", "samples\ConsoleMcpSample\ConsoleMcpSample.csproj", "{613D34D8-A031-4AE4-BF7F-4E95B9FD06D5}"
EndProject
Project("{FAE04EC0-301F-11D3-BF4B-00C04F79EFBC}") = "Ason.Abstractions", "src\Ason.Abstractions\Ason.Abstractions.csproj", "{37FFCADF-A52D-4593-A393-406310BE7370}"
EndProject
Project("{FAE04EC0-301F-11D3-BF4B-00C04F79EFBC}") = "LibDemo", "samples\LibDemo\LibDemo.csproj", "{8976CE2D-4BB1-4C1B-A392-9DB7F13B3CCC}"
EndProject
Project("{FAE04EC0-301F-11D3-BF4B-00C04F79EFBC}") = "LibDemo.SmokeTests", "tests\LibDemo.SmokeTests\LibDemo.SmokeTests.csproj", "{01A0D6AD-3909-4573-8085-0A69DDBEA317}"
EndProject
Project("{FAE04EC0-301F-11D3-BF4B-00C04F79EFBC}") = "WpfDemoApp.UiTests", "tests\WpfDemoApp.UiTests\WpfDemoApp.UiTests.csproj", "{362A217C-DACF-4932-8D04-25C56043A554}"
EndProject
Project("{2150E333-8FDC-42A3-9474-1A3956D46DE8}") = "WptDemoApp", "WptDemoApp", "{0A06A07F-0AC9-FC91-4D71-D7BA868DFC49}"
EndProject
Project("{FAE04EC0-301F-11D3-BF4B-00C04F79EFBC}") = "Ason.Bridge", "src\Ason.Bridge\Ason.Bridge.csproj", "{02806149-671A-4D55-99E4-266568461EFB}"
EndProject
Project("{FAE04EC0-301F-11D3-BF4B-00C04F79EFBC}") = "Ason.Bridge.Tests", "tests\Ason.Bridge.Tests\Ason.Bridge.Tests.csproj", "{31D8FC2E-4039-4443-AE4A-F23B81F5AA15}"
EndProject
Project("{FAE04EC0-301F-11D3-BF4B-00C04F79EFBC}") = "Ason.Bridge.Grpc", "src\Ason.Bridge.Grpc\Ason.Bridge.Grpc.csproj", "{F418C9FF-6A45-4825-BA26-7815692F08FC}"
EndProject
Project("{FAE04EC0-301F-11D3-BF4B-00C04F79EFBC}") = "Ason.Bridge.Mcp", "src\Ason.Bridge.Mcp\Ason.Bridge.Mcp.csproj", "{75070967-047A-4D6B-B06A-DBA94BBA1D0E}"
EndProject
Project("{FAE04EC0-301F-11D3-BF4B-00C04F79EFBC}") = "Ason.Bridge.McpHost", "src\Ason.Bridge.McpHost\Ason.Bridge.McpHost.csproj", "{4E7FA16E-1BDE-4E08-921B-094346336703}"
EndProject
Project("{FAE04EC0-301F-11D3-BF4B-00C04F79EFBC}") = "ConsoleBridgeCallerSample", "samples\ConsoleBridgeCallerSample\ConsoleBridgeCallerSample.csproj", "{E6BD6A4A-8D25-4036-8A19-C1E66C08F170}"
EndProject
Project("{FAE04EC0-301F-11D3-BF4B-00C04F79EFBC}") = "ConsoleBridgeAppSample", "samples\ConsoleBridgeAppSample\ConsoleBridgeAppSample.csproj", "{B70B3CD7-32F4-4F40-996B-B0EAA18BEBDD}"
EndProject
Project("{FAE04EC0-301F-11D3-BF4B-00C04F79EFBC}") = "WpfAppOnlyDemo", "samples\WpfAppOnlyDemo\WpfAppOnlyDemo.csproj", "{749DFEE3-67EA-4E72-80BA-D34A5D8B9853}"
EndProject
Project("{FAE04EC0-301F-11D3-BF4B-00C04F79EFBC}") = "WpfAgentDemo", "samples\WpfAgentDemo\WpfAgentDemo.csproj", "{03500B6C-B13F-4E7E-9574-D43377760008}"
EndProject
Project("{FAE04EC0-301F-11D3-BF4B-00C04F79EFBC}") = "Ason.Bridge.OpenApi", "src\Ason.Bridge.OpenApi\Ason.Bridge.OpenApi.csproj", "{7E568424-FFF1-4F91-8A68-A7AF04EB049F}"
EndProject
Project("{FAE04EC0-301F-11D3-BF4B-00C04F79EFBC}") = "ConsoleAgentSample", "samples\ConsoleAgentSample\ConsoleAgentSample.csproj", "{A92DE83A-47B1-4035-977C-F6A340CFB034}"
EndProject
Global
	GlobalSection(SolutionConfigurationPlatforms) = preSolution
		Debug|Any CPU = Debug|Any CPU
		Debug|x64 = Debug|x64
		Debug|x86 = Debug|x86
		Release|Any CPU = Release|Any CPU
		Release|x64 = Release|x64
		Release|x86 = Release|x86
	EndGlobalSection
	GlobalSection(ProjectConfigurationPlatforms) = postSolution
		{AFC2A978-E711-B845-8F36-87DC9E54445B}.Debug|Any CPU.ActiveCfg = Debug|Any CPU
		{AFC2A978-E711-B845-8F36-87DC9E54445B}.Debug|Any CPU.Build.0 = Debug|Any CPU
		{AFC2A978-E711-B845-8F36-87DC9E54445B}.Debug|x64.ActiveCfg = Debug|Any CPU
		{AFC2A978-E711-B845-8F36-87DC9E54445B}.Debug|x64.Build.0 = Debug|Any CPU
		{AFC2A978-E711-B845-8F36-87DC9E54445B}.Debug|x86.ActiveCfg = Debug|Any CPU
		{AFC2A978-E711-B845-8F36-87DC9E54445B}.Debug|x86.Build.0 = Debug|Any CPU
		{AFC2A978-E711-B845-8F36-87DC9E54445B}.Release|Any CPU.ActiveCfg = Release|Any CPU
		{AFC2A978-E711-B845-8F36-87DC9E54445B}.Release|Any CPU.Build.0 = Release|Any CPU
		{AFC2A978-E711-B845-8F36-87DC9E54445B}.Release|x64.ActiveCfg = Release|Any CPU
		{AFC2A978-E711-B845-8F36-87DC9E54445B}.Release|x64.Build.0 = Release|Any CPU
		{AFC2A978-E711-B845-8F36-87DC9E54445B}.Release|x86.ActiveCfg = Release|Any CPU
		{AFC2A978-E711-B845-8F36-87DC9E54445B}.Release|x86.Build.0 = Release|Any CPU
		{4B775B3C-E24E-858C-AF96-1F439EC081CC}.Debug|Any CPU.ActiveCfg = Debug|Any CPU
		{4B775B3C-E24E-858C-AF96-1F439EC081CC}.Debug|Any CPU.Build.0 = Debug|Any CPU
		{4B775B3C-E24E-858C-AF96-1F439EC081CC}.Debug|x64.ActiveCfg = Debug|Any CPU
		{4B775B3C-E24E-858C-AF96-1F439EC081CC}.Debug|x64.Build.0 = Debug|Any CPU
		{4B775B3C-E24E-858C-AF96-1F439EC081CC}.Debug|x86.ActiveCfg = Debug|Any CPU
		{4B775B3C-E24E-858C-AF96-1F439EC081CC}.Debug|x86.Build.0 = Debug|Any CPU
		{4B775B3C-E24E-858C-AF96-1F439EC081CC}.Release|Any CPU.ActiveCfg = Release|Any CPU
		{4B775B3C-E24E-858C-AF96-1F439EC081CC}.Release|Any CPU.Build.0 = Release|Any CPU
		{4B775B3C-E24E-858C-AF96-1F439EC081CC}.Release|x64.ActiveCfg = Release|Any CPU
		{4B775B3C-E24E-858C-AF96-1F439EC081CC}.Release|x64.Build.0 = Release|Any CPU
		{4B775B3C-E24E-858C-AF96-1F439EC081CC}.Release|x86.ActiveCfg = Release|Any CPU
		{4B775B3C-E24E-858C-AF96-1F439EC081CC}.Release|x86.Build.0 = Release|Any CPU
		{16B68A53-F6FD-5F98-AB42-4FDFCAF065A8}.Debug|Any CPU.ActiveCfg = Debug|Any CPU
		{16B68A53-F6FD-5F98-AB42-4FDFCAF065A8}.Debug|Any CPU.Build.0 = Debug|Any CPU
		{16B68A53-F6FD-5F98-AB42-4FDFCAF065A8}.Debug|x64.ActiveCfg = Debug|Any CPU
		{16B68A53-F6FD-5F98-AB42-4FDFCAF065A8}.Debug|x64.Build.0 = Debug|Any CPU
		{16B68A53-F6FD-5F98-AB42-4FDFCAF065A8}.Debug|x86.ActiveCfg = Debug|Any CPU
		{16B68A53-F6FD-5F98-AB42-4FDFCAF065A8}.Debug|x86.Build.0 = Debug|Any CPU
		{16B68A53-F6FD-5F98-AB42-4FDFCAF065A8}.Release|Any CPU.ActiveCfg = Release|Any CPU
		{16B68A53-F6FD-5F98-AB42-4FDFCAF065A8}.Release|Any CPU.Build.0 = Release|Any CPU
		{16B68A53-F6FD-5F98-AB42-4FDFCAF065A8}.Release|x64.ActiveCfg = Release|Any CPU
		{16B68A53-F6FD-5F98-AB42-4FDFCAF065A8}.Release|x64.Build.0 = Release|Any CPU
		{16B68A53-F6FD-5F98-AB42-4FDFCAF065A8}.Release|x86.ActiveCfg = Release|Any CPU
		{16B68A53-F6FD-5F98-AB42-4FDFCAF065A8}.Release|x86.Build.0 = Release|Any CPU
		{CF0BE669-66FB-9D29-E3CA-46056B635BAA}.Debug|Any CPU.ActiveCfg = Debug|Any CPU
		{CF0BE669-66FB-9D29-E3CA-46056B635BAA}.Debug|Any CPU.Build.0 = Debug|Any CPU
		{CF0BE669-66FB-9D29-E3CA-46056B635BAA}.Debug|x64.ActiveCfg = Debug|Any CPU
		{CF0BE669-66FB-9D29-E3CA-46056B635BAA}.Debug|x64.Build.0 = Debug|Any CPU
		{CF0BE669-66FB-9D29-E3CA-46056B635BAA}.Debug|x86.ActiveCfg = Debug|Any CPU
		{CF0BE669-66FB-9D29-E3CA-46056B635BAA}.Debug|x86.Build.0 = Debug|Any CPU
		{CF0BE669-66FB-9D29-E3CA-46056B635BAA}.Release|Any CPU.ActiveCfg = Release|Any CPU
		{CF0BE669-66FB-9D29-E3CA-46056B635BAA}.Release|Any CPU.Build.0 = Release|Any CPU
		{CF0BE669-66FB-9D29-E3CA-46056B635BAA}.Release|x64.ActiveCfg = Release|Any CPU
		{CF0BE669-66FB-9D29-E3CA-46056B635BAA}.Release|x64.Build.0 = Release|Any CPU
		{CF0BE669-66FB-9D29-E3CA-46056B635BAA}.Release|x86.ActiveCfg = Release|Any CPU
		{CF0BE669-66FB-9D29-E3CA-46056B635BAA}.Release|x86.Build.0 = Release|Any CPU
		{65E7B111-A87F-7299-9C24-577CA074AF83}.Debug|Any CPU.ActiveCfg = Debug|Any CPU
		{65E7B111-A87F-7299-9C24-577CA074AF83}.Debug|Any CPU.Build.0 = Debug|Any CPU
		{65E7B111-A87F-7299-9C24-577CA074AF83}.Debug|x64.ActiveCfg = Debug|Any CPU
		{65E7B111-A87F-7299-9C24-577CA074AF83}.Debug|x64.Build.0 = Debug|Any CPU
		{65E7B111-A87F-7299-9C24-577CA074AF83}.Debug|x86.ActiveCfg = Debug|Any CPU
		{65E7B111-A87F-7299-9C24-577CA074AF83}.Debug|x86.Build.0 = Debug|Any CPU
		{65E7B111-A87F-7299-9C24-577CA074AF83}.Release|Any CPU.ActiveCfg = Release|Any CPU
		{65E7B111-A87F-7299-9C24-577CA074AF83}.Release|Any CPU.Build.0 = Release|Any CPU
		{65E7B111-A87F-7299-9C24-577CA074AF83}.Release|x64.ActiveCfg = Release|Any CPU
		{65E7B111-A87F-7299-9C24-577CA074AF83}.Release|x64.Build.0 = Release|Any CPU
		{65E7B111-A87F-7299-9C24-577CA074AF83}.Release|x86.ActiveCfg = Release|Any CPU
		{65E7B111-A87F-7299-9C24-577CA074AF83}.Release|x86.Build.0 = Release|Any CPU
		{4BA11649-410B-70DA-C8BD-B87C69D5D88C}.Debug|Any CPU.ActiveCfg = Debug|Any CPU
		{4BA11649-410B-70DA-C8BD-B87C69D5D88C}.Debug|Any CPU.Build.0 = Debug|Any CPU
		{4BA11649-410B-70DA-C8BD-B87C69D5D88C}.Debug|x64.ActiveCfg = Debug|Any CPU
		{4BA11649-410B-70DA-C8BD-B87C69D5D88C}.Debug|x64.Build.0 = Debug|Any CPU
		{4BA11649-410B-70DA-C8BD-B87C69D5D88C}.Debug|x86.ActiveCfg = Debug|Any CPU
		{4BA11649-410B-70DA-C8BD-B87C69D5D88C}.Debug|x86.Build.0 = Debug|Any CPU
		{4BA11649-410B-70DA-C8BD-B87C69D5D88C}.Release|Any CPU.ActiveCfg = Release|Any CPU
		{4BA11649-410B-70DA-C8BD-B87C69D5D88C}.Release|Any CPU.Build.0 = Release|Any CPU
		{4BA11649-410B-70DA-C8BD-B87C69D5D88C}.Release|x64.ActiveCfg = Release|Any CPU
		{4BA11649-410B-70DA-C8BD-B87C69D5D88C}.Release|x64.Build.0 = Release|Any CPU
		{4BA11649-410B-70DA-C8BD-B87C69D5D88C}.Release|x86.ActiveCfg = Release|Any CPU
		{4BA11649-410B-70DA-C8BD-B87C69D5D88C}.Release|x86.Build.0 = Release|Any CPU
		{614ACF80-0E0E-06EB-7BD5-4A415009DFCE}.Debug|Any CPU.ActiveCfg = Debug|Any CPU
		{614ACF80-0E0E-06EB-7BD5-4A415009DFCE}.Debug|Any CPU.Build.0 = Debug|Any CPU
		{614ACF80-0E0E-06EB-7BD5-4A415009DFCE}.Debug|x64.ActiveCfg = Debug|Any CPU
		{614ACF80-0E0E-06EB-7BD5-4A415009DFCE}.Debug|x64.Build.0 = Debug|Any CPU
		{614ACF80-0E0E-06EB-7BD5-4A415009DFCE}.Debug|x86.ActiveCfg = Debug|Any CPU
		{614ACF80-0E0E-06EB-7BD5-4A415009DFCE}.Debug|x86.Build.0 = Debug|Any CPU
		{614ACF80-0E0E-06EB-7BD5-4A415009DFCE}.Release|Any CPU.ActiveCfg = Release|Any CPU
		{614ACF80-0E0E-06EB-7BD5-4A415009DFCE}.Release|Any CPU.Build.0 = Release|Any CPU
		{614ACF80-0E0E-06EB-7BD5-4A415009DFCE}.Release|x64.ActiveCfg = Release|Any CPU
		{614ACF80-0E0E-06EB-7BD5-4A415009DFCE}.Release|x64.Build.0 = Release|Any CPU
		{614ACF80-0E0E-06EB-7BD5-4A415009DFCE}.Release|x86.ActiveCfg = Release|Any CPU
		{614ACF80-0E0E-06EB-7BD5-4A415009DFCE}.Release|x86.Build.0 = Release|Any CPU
		{E4EA162E-A477-459A-B480-C598A8A6110B}.Debug|Any CPU.ActiveCfg = Debug|Any CPU
		{E4EA162E-A477-459A-B480-C598A8A6110B}.Debug|Any CPU.Build.0 = Debug|Any CPU
		{E4EA162E-A477-459A-B480-C598A8A6110B}.Debug|x64.ActiveCfg = Debug|Any CPU
		{E4EA162E-A477-459A-B480-C598A8A6110B}.Debug|x64.Build.0 = Debug|Any CPU
		{E4EA162E-A477-459A-B480-C598A8A6110B}.Debug|x86.ActiveCfg = Debug|Any CPU
		{E4EA162E-A477-459A-B480-C598A8A6110B}.Debug|x86.Build.0 = Debug|Any CPU
		{E4EA162E-A477-459A-B480-C598A8A6110B}.Release|Any CPU.ActiveCfg = Release|Any CPU
		{E4EA162E-A477-459A-B480-C598A8A6110B}.Release|Any CPU.Build.0 = Release|Any CPU
		{E4EA162E-A477-459A-B480-C598A8A6110B}.Release|x64.ActiveCfg = Release|Any CPU
		{E4EA162E-A477-459A-B480-C598A8A6110B}.Release|x64.Build.0 = Release|Any CPU
		{E4EA162E-A477-459A-B480-C598A8A6110B}.Release|x86.ActiveCfg = Release|Any CPU
		{E4EA162E-A477-459A-B480-C598A8A6110B}.Release|x86.Build.0 = Release|Any CPU
		{F8F50CB0-3319-4706-96DF-804297EF9DE0}.Debug|Any CPU.ActiveCfg = Debug|Any CPU
		{F8F50CB0-3319-4706-96DF-804297EF9DE0}.Debug|Any CPU.Build.0 = Debug|Any CPU
		{F8F50CB0-3319-4706-96DF-804297EF9DE0}.Debug|x64.ActiveCfg = Debug|Any CPU
		{F8F50CB0-3319-4706-96DF-804297EF9DE0}.Debug|x64.Build.0 = Debug|Any CPU
		{F8F50CB0-3319-4706-96DF-804297EF9DE0}.Debug|x86.ActiveCfg = Debug|Any CPU
		{F8F50CB0-3319-4706-96DF-804297EF9DE0}.Debug|x86.Build.0 = Debug|Any CPU
		{F8F50CB0-3319-4706-96DF-804297EF9DE0}.Release|Any CPU.ActiveCfg = Release|Any CPU
		{F8F50CB0-3319-4706-96DF-804297EF9DE0}.Release|Any CPU.Build.0 = Release|Any CPU
		{F8F50CB0-3319-4706-96DF-804297EF9DE0}.Release|x64.ActiveCfg = Release|Any CPU
		{F8F50CB0-3319-4706-96DF-804297EF9DE0}.Release|x64.Build.0 = Release|Any CPU
		{F8F50CB0-3319-4706-96DF-804297EF9DE0}.Release|x86.ActiveCfg = Release|Any CPU
		{F8F50CB0-3319-4706-96DF-804297EF9DE0}.Release|x86.Build.0 = Release|Any CPU
		{F10DC0C8-A734-4C54-B88B-426FDCE43755}.Debug|Any CPU.ActiveCfg = Debug|Any CPU
		{F10DC0C8-A734-4C54-B88B-426FDCE43755}.Debug|Any CPU.Build.0 = Debug|Any CPU
		{F10DC0C8-A734-4C54-B88B-426FDCE43755}.Debug|x64.ActiveCfg = Debug|Any CPU
		{F10DC0C8-A734-4C54-B88B-426FDCE43755}.Debug|x64.Build.0 = Debug|Any CPU
		{F10DC0C8-A734-4C54-B88B-426FDCE43755}.Debug|x86.ActiveCfg = Debug|Any CPU
		{F10DC0C8-A734-4C54-B88B-426FDCE43755}.Debug|x86.Build.0 = Debug|Any CPU
		{F10DC0C8-A734-4C54-B88B-426FDCE43755}.Release|Any CPU.ActiveCfg = Release|Any CPU
		{F10DC0C8-A734-4C54-B88B-426FDCE43755}.Release|Any CPU.Build.0 = Release|Any CPU
		{F10DC0C8-A734-4C54-B88B-426FDCE43755}.Release|x64.ActiveCfg = Release|Any CPU
		{F10DC0C8-A734-4C54-B88B-426FDCE43755}.Release|x64.Build.0 = Release|Any CPU
		{F10DC0C8-A734-4C54-B88B-426FDCE43755}.Release|x86.ActiveCfg = Release|Any CPU
		{F10DC0C8-A734-4C54-B88B-426FDCE43755}.Release|x86.Build.0 = Release|Any CPU
		{613D34D8-A031-4AE4-BF7F-4E95B9FD06D5}.Debug|Any CPU.ActiveCfg = Debug|Any CPU
		{613D34D8-A031-4AE4-BF7F-4E95B9FD06D5}.Debug|Any CPU.Build.0 = Debug|Any CPU
		{613D34D8-A031-4AE4-BF7F-4E95B9FD06D5}.Debug|x64.ActiveCfg = Debug|Any CPU
		{613D34D8-A031-4AE4-BF7F-4E95B9FD06D5}.Debug|x64.Build.0 = Debug|Any CPU
		{613D34D8-A031-4AE4-BF7F-4E95B9FD06D5}.Debug|x86.ActiveCfg = Debug|Any CPU
		{613D34D8-A031-4AE4-BF7F-4E95B9FD06D5}.Debug|x86.Build.0 = Debug|Any CPU
		{613D34D8-A031-4AE4-BF7F-4E95B9FD06D5}.Release|Any CPU.ActiveCfg = Release|Any CPU
		{613D34D8-A031-4AE4-BF7F-4E95B9FD06D5}.Release|Any CPU.Build.0 = Release|Any CPU
		{613D34D8-A031-4AE4-BF7F-4E95B9FD06D5}.Release|x64.ActiveCfg = Release|Any CPU
		{613D34D8-A031-4AE4-BF7F-4E95B9FD06D5}.Release|x64.Build.0 = Release|Any CPU
		{613D34D8-A031-4AE4-BF7F-4E95B9FD06D5}.Release|x86.ActiveCfg = Release|Any CPU
		{613D34D8-A031-4AE4-BF7F-4E95B9FD06D5}.Release|x86.Build.0 = Release|Any CPU
		{37FFCADF-A52D-4593-A393-406310BE7370}.Debug|Any CPU.ActiveCfg = Debug|Any CPU
		{37FFCADF-A52D-4593-A393-406310BE7370}.Debug|Any CPU.Build.0 = Debug|Any CPU
		{37FFCADF-A52D-4593-A393-406310BE7370}.Debug|x64.ActiveCfg = Debug|Any CPU
		{37FFCADF-A52D-4593-A393-406310BE7370}.Debug|x64.Build.0 = Debug|Any CPU
		{37FFCADF-A52D-4593-A393-406310BE7370}.Debug|x86.ActiveCfg = Debug|Any CPU
		{37FFCADF-A52D-4593-A393-406310BE7370}.Debug|x86.Build.0 = Debug|Any CPU
		{37FFCADF-A52D-4593-A393-406310BE7370}.Release|Any CPU.ActiveCfg = Release|Any CPU
		{37FFCADF-A52D-4593-A393-406310BE7370}.Release|Any CPU.Build.0 = Release|Any CPU
		{37FFCADF-A52D-4593-A393-406310BE7370}.Release|x64.ActiveCfg = Release|Any CPU
		{37FFCADF-A52D-4593-A393-406310BE7370}.Release|x64.Build.0 = Release|Any CPU
		{37FFCADF-A52D-4593-A393-406310BE7370}.Release|x86.ActiveCfg = Release|Any CPU
		{37FFCADF-A52D-4593-A393-406310BE7370}.Release|x86.Build.0 = Release|Any CPU
		{8976CE2D-4BB1-4C1B-A392-9DB7F13B3CCC}.Debug|Any CPU.ActiveCfg = Debug|Any CPU
		{8976CE2D-4BB1-4C1B-A392-9DB7F13B3CCC}.Debug|Any CPU.Build.0 = Debug|Any CPU
		{8976CE2D-4BB1-4C1B-A392-9DB7F13B3CCC}.Debug|x64.ActiveCfg = Debug|Any CPU
		{8976CE2D-4BB1-4C1B-A392-9DB7F13B3CCC}.Debug|x64.Build.0 = Debug|Any CPU
		{8976CE2D-4BB1-4C1B-A392-9DB7F13B3CCC}.Debug|x86.ActiveCfg = Debug|Any CPU
		{8976CE2D-4BB1-4C1B-A392-9DB7F13B3CCC}.Debug|x86.Build.0 = Debug|Any CPU
		{8976CE2D-4BB1-4C1B-A392-9DB7F13B3CCC}.Release|Any CPU.ActiveCfg = Release|Any CPU
		{8976CE2D-4BB1-4C1B-A392-9DB7F13B3CCC}.Release|Any CPU.Build.0 = Release|Any CPU
		{8976CE2D-4BB1-4C1B-A392-9DB7F13B3CCC}.Release|x64.ActiveCfg = Release|Any CPU
		{8976CE2D-4BB1-4C1B-A392-9DB7F13B3CCC}.Release|x64.Build.0 = Release|Any CPU
		{8976CE2D-4BB1-4C1B-A392-9DB7F13B3CCC}.Release|x86.ActiveCfg = Release|Any CPU
		{8976CE2D-4BB1-4C1B-A392-9DB7F13B3CCC}.Release|x86.Build.0 = Release|Any CPU
		{01A0D6AD-3909-4573-8085-0A69DDBEA317}.Debug|Any CPU.ActiveCfg = Debug|Any CPU
		{01A0D6AD-3909-4573-8085-0A69DDBEA317}.Debug|Any CPU.Build.0 = Debug|Any CPU
		{01A0D6AD-3909-4573-8085-0A69DDBEA317}.Debug|x64.ActiveCfg = Debug|Any CPU
		{01A0D6AD-3909-4573-8085-0A69DDBEA317}.Debug|x64.Build.0 = Debug|Any CPU
		{01A0D6AD-3909-4573-8085-0A69DDBEA317}.Debug|x86.ActiveCfg = Debug|Any CPU
		{01A0D6AD-3909-4573-8085-0A69DDBEA317}.Debug|x86.Build.0 = Debug|Any CPU
		{01A0D6AD-3909-4573-8085-0A69DDBEA317}.Release|Any CPU.ActiveCfg = Release|Any CPU
		{01A0D6AD-3909-4573-8085-0A69DDBEA317}.Release|Any CPU.Build.0 = Release|Any CPU
		{01A0D6AD-3909-4573-8085-0A69DDBEA317}.Release|x64.ActiveCfg = Release|Any CPU
		{01A0D6AD-3909-4573-8085-0A69DDBEA317}.Release|x64.Build.0 = Release|Any CPU
		{01A0D6AD-3909-4573-8085-0A69DDBEA317}.Release|x86.ActiveCfg = Release|Any CPU
		{01A0D6AD-3909-4573-8085-0A69DDBEA317}.Release|x86.Build.0 = Release|Any CPU
		{362A217C-DACF-4932-8D04-25C56043A554}.Debug|Any CPU.ActiveCfg = Debug|Any CPU
		{362A217C-DACF-4932-8D04-25C56043A554}.Debug|Any CPU.Build.0 = Debug|Any CPU
		{362A217C-DACF-4932-8D04-25C56043A554}.Debug|x64.ActiveCfg = Debug|Any CPU
		{362A217C-DACF-4932-8D04-25C56043A554}.Debug|x64.Build.0 = Debug|Any CPU
		{362A217C-DACF-4932-8D04-25C56043A554}.Debug|x86.ActiveCfg = Debug|Any CPU
		{362A217C-DACF-4932-8D04-25C56043A554}.Debug|x86.Build.0 = Debug|Any CPU
		{362A217C-DACF-4932-8D04-25C56043A554}.Release|Any CPU.ActiveCfg = Release|Any CPU
		{362A217C-DACF-4932-8D04-25C56043A554}.Release|Any CPU.Build.0 = Release|Any CPU
		{362A217C-DACF-4932-8D04-25C56043A554}.Release|x64.ActiveCfg = Release|Any CPU
		{362A217C-DACF-4932-8D04-25C56043A554}.Release|x64.Build.0 = Release|Any CPU
		{362A217C-DACF-4932-8D04-25C56043A554}.Release|x86.ActiveCfg = Release|Any CPU
		{362A217C-DACF-4932-8D04-25C56043A554}.Release|x86.Build.0 = Release|Any CPU
		{02806149-671A-4D55-99E4-266568461EFB}.Debug|Any CPU.ActiveCfg = Debug|Any CPU
		{02806149-671A-4D55-99E4-266568461EFB}.Debug|Any CPU.Build.0 = Debug|Any CPU
		{02806149-671A-4D55-99E4-266568461EFB}.Debug|x64.ActiveCfg = Debug|Any CPU
		{02806149-671A-4D55-99E4-266568461EFB}.Debug|x64.Build.0 = Debug|Any CPU
		{02806149-671A-4D55-99E4-266568461EFB}.Debug|x86.ActiveCfg = Debug|Any CPU
		{02806149-671A-4D55-99E4-266568461EFB}.Debug|x86.Build.0 = Debug|Any CPU
		{02806149-671A-4D55-99E4-266568461EFB}.Release|Any CPU.ActiveCfg = Release|Any CPU
		{02806149-671A-4D55-99E4-266568461EFB}.Release|Any CPU.Build.0 = Release|Any CPU
		{02806149-671A-4D55-99E4-266568461EFB}.Release|x64.ActiveCfg = Release|Any CPU
		{02806149-671A-4D55-99E4-266568461EFB}.Release|x64.Build.0 = Release|Any CPU
		{02806149-671A-4D55-99E4-266568461EFB}.Release|x86.ActiveCfg = Release|Any CPU
		{02806149-671A-4D55-99E4-266568461EFB}.Release|x86.Build.0 = Release|Any CPU
		{31D8FC2E-4039-4443-AE4A-F23B81F5AA15}.Debug|Any CPU.ActiveCfg = Debug|Any CPU
		{31D8FC2E-4039-4443-AE4A-F23B81F5AA15}.Debug|Any CPU.Build.0 = Debug|Any CPU
		{31D8FC2E-4039-4443-AE4A-F23B81F5AA15}.Debug|x64.ActiveCfg = Debug|Any CPU
		{31D8FC2E-4039-4443-AE4A-F23B81F5AA15}.Debug|x64.Build.0 = Debug|Any CPU
		{31D8FC2E-4039-4443-AE4A-F23B81F5AA15}.Debug|x86.ActiveCfg = Debug|Any CPU
		{31D8FC2E-4039-4443-AE4A-F23B81F5AA15}.Debug|x86.Build.0 = Debug|Any CPU
		{31D8FC2E-4039-4443-AE4A-F23B81F5AA15}.Release|Any CPU.ActiveCfg = Release|Any CPU
		{31D8FC2E-4039-4443-AE4A-F23B81F5AA15}.Release|Any CPU.Build.0 = Release|Any CPU
		{31D8FC2E-4039-4443-AE4A-F23B81F5AA15}.Release|x64.ActiveCfg = Release|Any CPU
		{31D8FC2E-4039-4443-AE4A-F23B81F5AA15}.Release|x64.Build.0 = Release|Any CPU
		{31D8FC2E-4039-4443-AE4A-F23B81F5AA15}.Release|x86.ActiveCfg = Release|Any CPU
		{31D8FC2E-4039-4443-AE4A-F23B81F5AA15}.Release|x86.Build.0 = Release|Any CPU
		{F418C9FF-6A45-4825-BA26-7815692F08FC}.Debug|Any CPU.ActiveCfg = Debug|Any CPU
		{F418C9FF-6A45-4825-BA26-7815692F08FC}.Debug|Any CPU.Build.0 = Debug|Any CPU
		{F418C9FF-6A45-4825-BA26-7815692F08FC}.Debug|x64.ActiveCfg = Debug|Any CPU
		{F418C9FF-6A45-4825-BA26-7815692F08FC}.Debug|x64.Build.0 = Debug|Any CPU
		{F418C9FF-6A45-4825-BA26-7815692F08FC}.Debug|x86.ActiveCfg = Debug|Any CPU
		{F418C9FF-6A45-4825-BA26-7815692F08FC}.Debug|x86.Build.0 = Debug|Any CPU
		{F418C9FF-6A45-4825-BA26-7815692F08FC}.Release|Any CPU.ActiveCfg = Release|Any CPU
		{F418C9FF-6A45-4825-BA26-7815692F08FC}.Release|Any CPU.Build.0 = Release|Any CPU
		{F418C9FF-6A45-4825-BA26-7815692F08FC}.Release|x64.ActiveCfg = Release|Any CPU
		{F418C9FF-6A45-4825-BA26-7815692F08FC}.Release|x64.Build.0 = Release|Any CPU
		{F418C9FF-6A45-4825-BA26-7815692F08FC}.Release|x86.ActiveCfg = Release|Any CPU
		{F418C9FF-6A45-4825-BA26-7815692F08FC}.Release|x86.Build.0 = Release|Any CPU
		{75070967-047A-4D6B-B06A-DBA94BBA1D0E}.Debug|Any CPU.ActiveCfg = Debug|Any CPU
		{75070967-047A-4D6B-B06A-DBA94BBA1D0E}.Debug|Any CPU.Build.0 = Debug|Any CPU
		{75070967-047A-4D6B-B06A-DBA94BBA1D0E}.Debug|x64.ActiveCfg = Debug|Any CPU
		{75070967-047A-4D6B-B06A-DBA94BBA1D0E}.Debug|x64.Build.0 = Debug|Any CPU
		{75070967-047A-4D6B-B06A-DBA94BBA1D0E}.Debug|x86.ActiveCfg = Debug|Any CPU
		{75070967-047A-4D6B-B06A-DBA94BBA1D0E}.Debug|x86.Build.0 = Debug|Any CPU
		{75070967-047A-4D6B-B06A-DBA94BBA1D0E}.Release|Any CPU.ActiveCfg = Release|Any CPU
		{75070967-047A-4D6B-B06A-DBA94BBA1D0E}.Release|Any CPU.Build.0 = Release|Any CPU
		{75070967-047A-4D6B-B06A-DBA94BBA1D0E}.Release|x64.ActiveCfg = Release|Any CPU
		{75070967-047A-4D6B-B06A-DBA94BBA1D0E}.Release|x64.Build.0 = Release|Any CPU
		{75070967-047A-4D6B-B06A-DBA94BBA1D0E}.Release|x86.ActiveCfg = Release|Any CPU
		{75070967-047A-4D6B-B06A-DBA94BBA1D0E}.Release|x86.Build.0 = Release|Any CPU
		{4E7FA16E-1BDE-4E08-921B-094346336703}.Debug|Any CPU.ActiveCfg = Debug|Any CPU
		{4E7FA16E-1BDE-4E08-921B-094346336703}.Debug|Any CPU.Build.0 = Debug|Any CPU
		{4E7FA16E-1BDE-4E08-921B-094346336703}.Debug|x64.ActiveCfg = Debug|Any CPU
		{4E7FA16E-1BDE-4E08-921B-094346336703}.Debug|x64.Build.0 = Debug|Any CPU
		{4E7FA16E-1BDE-4E08-921B-094346336703}.Debug|x86.ActiveCfg = Debug|Any CPU
		{4E7FA16E-1BDE-4E08-921B-094346336703}.Debug|x86.Build.0 = Debug|Any CPU
		{4E7FA16E-1BDE-4E08-921B-094346336703}.Release|Any CPU.ActiveCfg = Release|Any CPU
		{4E7FA16E-1BDE-4E08-921B-094346336703}.Release|Any CPU.Build.0 = Release|Any CPU
		{4E7FA16E-1BDE-4E08-921B-094346336703}.Release|x64.ActiveCfg = Release|Any CPU
		{4E7FA16E-1BDE-4E08-921B-094346336703}.Release|x64.Build.0 = Release|Any CPU
		{4E7FA16E-1BDE-4E08-921B-094346336703}.Release|x86.ActiveCfg = Release|Any CPU
		{4E7FA16E-1BDE-4E08-921B-094346336703}.Release|x86.Build.0 = Release|Any CPU
		{E6BD6A4A-8D25-4036-8A19-C1E66C08F170}.Debug|Any CPU.ActiveCfg = Debug|Any CPU
		{E6BD6A4A-8D25-4036-8A19-C1E66C08F170}.Debug|Any CPU.Build.0 = Debug|Any CPU
		{E6BD6A4A-8D25-4036-8A19-C1E66C08F170}.Debug|x64.ActiveCfg = Debug|Any CPU
		{E6BD6A4A-8D25-4036-8A19-C1E66C08F170}.Debug|x64.Build.0 = Debug|Any CPU
		{E6BD6A4A-8D25-4036-8A19-C1E66C08F170}.Debug|x86.ActiveCfg = Debug|Any CPU
		{E6BD6A4A-8D25-4036-8A19-C1E66C08F170}.Debug|x86.Build.0 = Debug|Any CPU
		{E6BD6A4A-8D25-4036-8A19-C1E66C08F170}.Release|Any CPU.ActiveCfg = Release|Any CPU
		{E6BD6A4A-8D25-4036-8A19-C1E66C08F170}.Release|Any CPU.Build.0 = Release|Any CPU
		{E6BD6A4A-8D25-4036-8A19-C1E66C08F170}.Release|x64.ActiveCfg = Release|Any CPU
		{E6BD6A4A-8D25-4036-8A19-C1E66C08F170}.Release|x64.Build.0 = Release|Any CPU
		{E6BD6A4A-8D25-4036-8A19-C1E66C08F170}.Release|x86.ActiveCfg = Release|Any CPU
		{E6BD6A4A-8D25-4036-8A19-C1E66C08F170}.Release|x86.Build.0 = Release|Any CPU
		{B70B3CD7-32F4-4F40-996B-B0EAA18BEBDD}.Debug|Any CPU.ActiveCfg = Debug|Any CPU
		{B70B3CD7-32F4-4F40-996B-B0EAA18BEBDD}.Debug|Any CPU.Build.0 = Debug|Any CPU
		{B70B3CD7-32F4-4F40-996B-B0EAA18BEBDD}.Debug|x64.ActiveCfg = Debug|Any CPU
		{B70B3CD7-32F4-4F40-996B-B0EAA18BEBDD}.Debug|x64.Build.0 = Debug|Any CPU
		{B70B3CD7-32F4-4F40-996B-B0EAA18BEBDD}.Debug|x86.ActiveCfg = Debug|Any CPU
		{B70B3CD7-32F4-4F40-996B-B0EAA18BEBDD}.Debug|x86.Build.0 = Debug|Any CPU
		{B70B3CD7-32F4-4F40-996B-B0EAA18BEBDD}.Release|Any CPU.ActiveCfg = Release|Any CPU
		{B70B3CD7-32F4-4F40-996B-B0EAA18BEBDD}.Release|Any CPU.Build.0 = Release|Any CPU
		{B70B3CD7-32F4-4F40-996B-B0EAA18BEBDD}.Release|x64.ActiveCfg = Release|Any CPU
		{B70B3CD7-32F4-4F40-996B-B0EAA18BEBDD}.Release|x64.Build.0 = Release|Any CPU
		{B70B3CD7-32F4-4F40-996B-B0EAA18BEBDD}.Release|x86.ActiveCfg = Release|Any CPU
		{B70B3CD7-32F4-4F40-996B-B0EAA18BEBDD}.Release|x86.Build.0 = Release|Any CPU
		{749DFEE3-67EA-4E72-80BA-D34A5D8B9853}.Debug|Any CPU.ActiveCfg = Debug|Any CPU
		{749DFEE3-67EA-4E72-80BA-D34A5D8B9853}.Debug|Any CPU.Build.0 = Debug|Any CPU
		{749DFEE3-67EA-4E72-80BA-D34A5D8B9853}.Debug|x64.ActiveCfg = Debug|Any CPU
		{749DFEE3-67EA-4E72-80BA-D34A5D8B9853}.Debug|x64.Build.0 = Debug|Any CPU
		{749DFEE3-67EA-4E72-80BA-D34A5D8B9853}.Debug|x86.ActiveCfg = Debug|Any CPU
		{749DFEE3-67EA-4E72-80BA-D34A5D8B9853}.Debug|x86.Build.0 = Debug|Any CPU
		{749DFEE3-67EA-4E72-80BA-D34A5D8B9853}.Release|Any CPU.ActiveCfg = Release|Any CPU
		{749DFEE3-67EA-4E72-80BA-D34A5D8B9853}.Release|Any CPU.Build.0 = Release|Any CPU
		{749DFEE3-67EA-4E72-80BA-D34A5D8B9853}.Release|x64.ActiveCfg = Release|Any CPU
		{749DFEE3-67EA-4E72-80BA-D34A5D8B9853}.Release|x64.Build.0 = Release|Any CPU
		{749DFEE3-67EA-4E72-80BA-D34A5D8B9853}.Release|x86.ActiveCfg = Release|Any CPU
		{749DFEE3-67EA-4E72-80BA-D34A5D8B9853}.Release|x86.Build.0 = Release|Any CPU
		{03500B6C-B13F-4E7E-9574-D43377760008}.Debug|Any CPU.ActiveCfg = Debug|Any CPU
		{03500B6C-B13F-4E7E-9574-D43377760008}.Debug|Any CPU.Build.0 = Debug|Any CPU
		{03500B6C-B13F-4E7E-9574-D43377760008}.Debug|x64.ActiveCfg = Debug|Any CPU
		{03500B6C-B13F-4E7E-9574-D43377760008}.Debug|x64.Build.0 = Debug|Any CPU
		{03500B6C-B13F-4E7E-9574-D43377760008}.Debug|x86.ActiveCfg = Debug|Any CPU
		{03500B6C-B13F-4E7E-9574-D43377760008}.Debug|x86.Build.0 = Debug|Any CPU
		{03500B6C-B13F-4E7E-9574-D43377760008}.Release|Any CPU.ActiveCfg = Release|Any CPU
		{03500B6C-B13F-4E7E-9574-D43377760008}.Release|Any CPU.Build.0 = Release|Any CPU
		{03500B6C-B13F-4E7E-9574-D43377760008}.Release|x64.ActiveCfg = Release|Any CPU
		{03500B6C-B13F-4E7E-9574-D43377760008}.Release|x64.Build.0 = Release|Any CPU
		{03500B6C-B13F-4E7E-9574-D43377760008}.Release|x86.ActiveCfg = Release|Any CPU
		{03500B6C-B13F-4E7E-9574-D43377760008}.Release|x86.Build.0 = Release|Any CPU
		{7E568424-FFF1-4F91-8A68-A7AF04EB049F}.Debug|Any CPU.ActiveCfg = Debug|Any CPU
		{7E568424-FFF1-4F91-8A68-A7AF04EB049F}.Debug|Any CPU.Build.0 = Debug|Any CPU
		{7E568424-FFF1-4F91-8A68-A7AF04EB049F}.Debug|x64.ActiveCfg = Debug|Any CPU
		{7E568424-FFF1-4F91-8A68-A7AF04EB049F}.Debug|x64.Build.0 = Debug|Any CPU
		{7E568424-FFF1-4F91-8A68-A7AF04EB049F}.Debug|x86.ActiveCfg = Debug|Any CPU
		{7E568424-FFF1-4F91-8A68-A7AF04EB049F}.Debug|x86.Build.0 = Debug|Any CPU
		{7E568424-FFF1-4F91-8A68-A7AF04EB049F}.Release|Any CPU.ActiveCfg = Release|Any CPU
		{7E568424-FFF1-4F91-8A68-A7AF04EB049F}.Release|Any CPU.Build.0 = Release|Any CPU
		{7E568424-FFF1-4F91-8A68-A7AF04EB049F}.Release|x64.ActiveCfg = Release|Any CPU
		{7E568424-FFF1-4F91-8A68-A7AF04EB049F}.Release|x64.Build.0 = Release|Any CPU
		{7E568424-FFF1-4F91-8A68-A7AF04EB049F}.Release|x86.ActiveCfg = Release|Any CPU
		{7E568424-FFF1-4F91-8A68-A7AF04EB049F}.Release|x86.Build.0 = Release|Any CPU
		{A92DE83A-47B1-4035-977C-F6A340CFB034}.Debug|Any CPU.ActiveCfg = Debug|Any CPU
		{A92DE83A-47B1-4035-977C-F6A340CFB034}.Debug|Any CPU.Build.0 = Debug|Any CPU
		{A92DE83A-47B1-4035-977C-F6A340CFB034}.Debug|x64.ActiveCfg = Debug|Any CPU
		{A92DE83A-47B1-4035-977C-F6A340CFB034}.Debug|x64.Build.0 = Debug|Any CPU
		{A92DE83A-47B1-4035-977C-F6A340CFB034}.Debug|x86.ActiveCfg = Debug|Any CPU
		{A92DE83A-47B1-4035-977C-F6A340CFB034}.Debug|x86.Build.0 = Debug|Any CPU
		{A92DE83A-47B1-4035-977C-F6A340CFB034}.Release|Any CPU.ActiveCfg = Release|Any CPU
		{A92DE83A-47B1-4035-977C-F6A340CFB034}.Release|Any CPU.Build.0 = Release|Any CPU
		{A92DE83A-47B1-4035-977C-F6A340CFB034}.Release|x64.ActiveCfg = Release|Any CPU
		{A92DE83A-47B1-4035-977C-F6A340CFB034}.Release|x64.Build.0 = Release|Any CPU
		{A92DE83A-47B1-4035-977C-F6A340CFB034}.Release|x86.ActiveCfg = Release|Any CPU
		{A92DE83A-47B1-4035-977C-F6A340CFB034}.Release|x86.Build.0 = Release|Any CPU
	EndGlobalSection
	GlobalSection(SolutionProperties) = preSolution
		HideSolutionNode = FALSE
	EndGlobalSection
	GlobalSection(NestedProjects) = preSolution
		{AFC2A978-E711-B845-8F36-87DC9E54445B} = {38F4F460-CCA5-47A5-AEAE-665FD897EE50}
		{4B775B3C-E24E-858C-AF96-1F439EC081CC} = {38F4F460-CCA5-47A5-AEAE-665FD897EE50}
		{16B68A53-F6FD-5F98-AB42-4FDFCAF065A8} = {02EA681E-C7D8-13C7-8484-4AC65E1B71E8}
		{CF0BE669-66FB-9D29-E3CA-46056B635BAA} = {02EA681E-C7D8-13C7-8484-4AC65E1B71E8}
		{65E7B111-A87F-7299-9C24-577CA074AF83} = {02EA681E-C7D8-13C7-8484-4AC65E1B71E8}
		{4BA11649-410B-70DA-C8BD-B87C69D5D88C} = {238E687B-A97B-4D14-B106-97AC4A7420A3}
		{614ACF80-0E0E-06EB-7BD5-4A415009DFCE} = {38F4F460-CCA5-47A5-AEAE-665FD897EE50}
		{E4EA162E-A477-459A-B480-C598A8A6110B} = {02EA681E-C7D8-13C7-8484-4AC65E1B71E8}
		{F8F50CB0-3319-4706-96DF-804297EF9DE0} = {238E687B-A97B-4D14-B106-97AC4A7420A3}
		{F10DC0C8-A734-4C54-B88B-426FDCE43755} = {38F4F460-CCA5-47A5-AEAE-665FD897EE50}
		{613D34D8-A031-4AE4-BF7F-4E95B9FD06D5} = {38F4F460-CCA5-47A5-AEAE-665FD897EE50}
		{37FFCADF-A52D-4593-A393-406310BE7370} = {02EA681E-C7D8-13C7-8484-4AC65E1B71E8}
		{8976CE2D-4BB1-4C1B-A392-9DB7F13B3CCC} = {38F4F460-CCA5-47A5-AEAE-665FD897EE50}
		{01A0D6AD-3909-4573-8085-0A69DDBEA317} = {238E687B-A97B-4D14-B106-97AC4A7420A3}
		{362A217C-DACF-4932-8D04-25C56043A554} = {238E687B-A97B-4D14-B106-97AC4A7420A3}
		{0A06A07F-0AC9-FC91-4D71-D7BA868DFC49} = {38F4F460-CCA5-47A5-AEAE-665FD897EE50}
		{02806149-671A-4D55-99E4-266568461EFB} = {02EA681E-C7D8-13C7-8484-4AC65E1B71E8}
		{31D8FC2E-4039-4443-AE4A-F23B81F5AA15} = {238E687B-A97B-4D14-B106-97AC4A7420A3}
		{F418C9FF-6A45-4825-BA26-7815692F08FC} = {02EA681E-C7D8-13C7-8484-4AC65E1B71E8}
		{75070967-047A-4D6B-B06A-DBA94BBA1D0E} = {02EA681E-C7D8-13C7-8484-4AC65E1B71E8}
		{4E7FA16E-1BDE-4E08-921B-094346336703} = {02EA681E-C7D8-13C7-8484-4AC65E1B71E8}
		{E6BD6A4A-8D25-4036-8A19-C1E66C08F170} = {38F4F460-CCA5-47A5-AEAE-665FD897EE50}
		{B70B3CD7-32F4-4F40-996B-B0EAA18BEBDD} = {38F4F460-CCA5-47A5-AEAE-665FD897EE50}
		{749DFEE3-67EA-4E72-80BA-D34A5D8B9853} = {38F4F460-CCA5-47A5-AEAE-665FD897EE50}
		{03500B6C-B13F-4E7E-9574-D43377760008} = {38F4F460-CCA5-47A5-AEAE-665FD897EE50}
		{7E568424-FFF1-4F91-8A68-A7AF04EB049F} = {02EA681E-C7D8-13C7-8484-4AC65E1B71E8}
		{A92DE83A-47B1-4035-977C-F6A340CFB034} = {38F4F460-CCA5-47A5-AEAE-665FD897EE50}
	EndGlobalSection
	GlobalSection(ExtensibilityGlobals) = postSolution
		SolutionGuid = {C8F4E2E4-DFB8-491A-A0FA-88E57088DCF2}
	EndGlobalSection
EndGlobal
